
Microsoft Visual Studio Solution File, Format Version 12.00
# Visual Studio Version 16
VisualStudioVersion = 16.0.31702.278
MinimumVisualStudioVersion = 10.0.40219.1
Project("{FAE04EC0-301F-11D3-BF4B-00C04F79EFBC}") = "NightcoreCore", "NightcoreCore.csproj", "{FC6C4B0A-578E-479B-8F46-8D758E340F92}"
EndProject
Global
	GlobalSection(SolutionConfigurationPlatforms) = preSolution
		Debug|Any CPU = Debug|Any CPU
		Release|Any CPU = Release|Any CPU
	EndGlobalSection
	GlobalSection(ProjectConfigurationPlatforms) = postSolution
		{FC6C4B0A-578E-479B-8F46-8D758E340F92}.Debug|Any CPU.ActiveCfg = Debug|Any CPU
		{FC6C4B0A-578E-479B-8F46-8D758E340F92}.Debug|Any CPU.Build.0 = Debug|Any CPU
		{FC6C4B0A-578E-479B-8F46-8D758E340F92}.Release|Any CPU.ActiveCfg = Release|Any CPU
		{FC6C4B0A-578E-479B-8F46-8D758E340F92}.Release|Any CPU.Build.0 = Release|Any CPU
	EndGlobalSection
	GlobalSection(SolutionProperties) = preSolution
		HideSolutionNode = FALSE
	EndGlobalSection
	GlobalSection(ExtensibilityGlobals) = postSolution
		SolutionGuid = {F3714C69-3287-4131-B92E-6BCAEDF6CED9}
	EndGlobalSection
EndGlobal
